{
  "name": "wx-test",
  "version": "1.0.0",
  "lockfileVersion": 2,
  "requires": true,
  "packages": {
    "": {
      "name": "wx-test",
      "version": "1.0.0",
      "license": "ISC",
      "dependencies": {
        "@vant/weapp": "^1.10.23",
        "mobx-miniprogram": "^4.13.2",
        "mobx-miniprogram-bindings": "^2.1.5"
      }
    },
    "node_modules/@types/wechat-miniprogram": {
      "version": "3.4.3",
      "resolved": "https://registry.npmjs.org/@types/wechat-miniprogram/-/wechat-miniprogram-3.4.3.tgz",
      "integrity": "sha512-u6uhAjJxUdMX4aEu3EgDWVhYsNLEhfbJUC7qQOoYE5pDGm+Y+6mtG78CtXeH1aYHuQMHIKa0twzg/1OeBpKOTA=="
    },
    "node_modules/@vant/weapp": {
      "version": "1.10.23",
      "resolved": "https://registry.npmjs.org/@vant/weapp/-/weapp-1.10.23.tgz",
      "integrity": "sha512-Lqlc0oT89AxR8e4uLmP59xkI1KkWSTWKWV9kXM17CJz55eL0fPMo5jd0d132KpcfRmiwIOVr7TwK8u8v6XIhlg=="
    },
    "node_modules/mobx-miniprogram": {
      "version": "4.13.2",
      "resolved": "https://registry.npmjs.org/mobx-miniprogram/-/mobx-miniprogram-4.13.2.tgz",
      "integrity": "sha512-C3HtkqHCLKp35N2gXA80yFD6PNfSqwioPFmnjTQpBLrEqYm1F6yiWZ57CW+8FqgmR306mw6ZfsM5q7hSTHw8BQ=="
    },
    "node_modules/mobx-miniprogram-bindings": {
      "version": "2.1.5",
      "resolved": "https://registry.npmjs.org/mobx-miniprogram-bindings/-/mobx-miniprogram-bindings-2.1.5.tgz",
      "integrity": "sha512-2HuiQL5FPgoYJ8XIMdw5iD6XT61LtsujaGyizbN845iZcsLmrKZiF0dKd4jQTSuC/6rGozqqhcy0sDc7qcpjYQ==",
      "dependencies": {
        "@types/wechat-miniprogram": "^3.4.0"
      },
      "peerDependencies": {
        "mobx-miniprogram": "^4.0.0"
      }
    }
  },
  "dependencies": {
    "@types/wechat-miniprogram": {
      "version": "3.4.3",
      "resolved": "https://registry.npmjs.org/@types/wechat-miniprogram/-/wechat-miniprogram-3.4.3.tgz",
      "integrity": "sha512-u6uhAjJxUdMX4aEu3EgDWVhYsNLEhfbJUC7qQOoYE5pDGm+Y+6mtG78CtXeH1aYHuQMHIKa0twzg/1OeBpKOTA=="
    },
    "@vant/weapp": {
      "version": "1.10.23",
      "resolved": "https://registry.npmjs.org/@vant/weapp/-/weapp-1.10.23.tgz",
      "integrity": "sha512-Lqlc0oT89AxR8e4uLmP59xkI1KkWSTWKWV9kXM17CJz55eL0fPMo5jd0d132KpcfRmiwIOVr7TwK8u8v6XIhlg=="
    },
    "mobx-miniprogram": {
      "version": "4.13.2",
      "resolved": "https://registry.npmjs.org/mobx-miniprogram/-/mobx-miniprogram-4.13.2.tgz",
      "integrity": "sha512-C3HtkqHCLKp35N2gXA80yFD6PNfSqwioPFmnjTQpBLrEqYm1F6yiWZ57CW+8FqgmR306mw6ZfsM5q7hSTHw8BQ=="
    },
    "mobx-miniprogram-bindings": {
      "version": "2.1.5",
      "resolved": "https://registry.npmjs.org/mobx-miniprogram-bindings/-/mobx-miniprogram-bindings-2.1.5.tgz",
      "integrity": "sha512-2HuiQL5FPgoYJ8XIMdw5iD6XT61LtsujaGyizbN845iZcsLmrKZiF0dKd4jQTSuC/6rGozqqhcy0sDc7qcpjYQ==",
      "requires": {
        "@types/wechat-miniprogram": "^3.4.0"
      }
    }
  }
}
